
Microsoft Visual Studio Solution File, Format Version 12.00
# Visual Studio Version 16
VisualStudioVersion = 16.0.30517.126
MinimumVisualStudioVersion = 10.0.40219.1
Project("{9A19103F-16F7-4668-BE54-9A1E7A4F7556}") = "ConsoleApp1", "ConsoleApp1\ConsoleApp1.csproj", "{0F367399-D701-4B0D-9BA0-44789D1BE071}"
EndProject
Global
	GlobalSection(SolutionConfigurationPlatforms) = preSolution
		Debug|Any CPU = Debug|Any CPU
		Release|Any CPU = Release|Any CPU
	EndGlobalSection
	GlobalSection(ProjectConfigurationPlatforms) = postSolution
		{0F367399-D701-4B0D-9BA0-44789D1BE071}.Debug|Any CPU.ActiveCfg = Debug|Any CPU
		{0F367399-D701-4B0D-9BA0-44789D1BE071}.Debug|Any CPU.Build.0 = Debug|Any CPU
		{0F367399-D701-4B0D-9BA0-44789D1BE071}.Release|Any CPU.ActiveCfg = Release|Any CPU
		{0F367399-D701-4B0D-9BA0-44789D1BE071}.Release|Any CPU.Build.0 = Release|Any CPU
	EndGlobalSection
	GlobalSection(SolutionProperties) = preSolution
		HideSolutionNode = FALSE
	EndGlobalSection
	GlobalSection(ExtensibilityGlobals) = postSolution
		SolutionGuid = {E90C419A-5891-45AE-AF33-4B53D6AF0ADA}
	EndGlobalSection
EndGlobal
